
Microsoft Visual Studio Solution File, Format Version 12.00
# Visual Studio Version 17
VisualStudioVersion = 17.0.31903.59
MinimumVisualStudioVersion = 10.0.40219.1
Project("{FAE04EC0-301F-11D3-BF4B-00C04F79EFBC}") = "TrackpadCameraControl", "mod\TrackpadCameraControl.csproj", "{508FB081-8D13-49EF-B599-BA2EFF86044F}"
EndProject
Project("{2150E333-8FDC-42A3-9474-1A3956D46DE8}") = "rewrite", "rewrite", "{A1B2C3D4-E5F6-7890-ABCD-EF1234567890}"
EndProject
Project("{FAE04EC0-301F-11D3-BF4B-00C04F79EFBC}") = "TrackpadCameraControl.Rewrite", "rewrite\mod\TrackpadCameraControl.Rewrite.csproj", "{B2C3D4E5-F6A7-8901-BCDE-F12345678901}"
EndProject
Project("{2150E333-8FDC-42A3-9474-1A3956D46DE8}") = "src", "src", "{098D564B-3895-4789-BBC0-A4C05F26B093}"
EndProject
Project("{FAE04EC0-301F-11D3-BF4B-00C04F79EFBC}") = "TrackpadCapture", "src\TrackpadCapture\TrackpadCapture.csproj", "{EEA03087-41FE-4A71-8E1B-364183A17DC2}"
EndProject
Project("{FAE04EC0-301F-11D3-BF4B-00C04F79EFBC}") = "TrackpadBridge", "src\TrackpadBridge\TrackpadBridge.csproj", "{7B7C4264-9AB2-4BB2-A612-4153FD9FF2B0}"
EndProject
Project("{FAE04EC0-301F-11D3-BF4B-00C04F79EFBC}") = "AppleGestureProbe", "src\AppleGestureProbe\AppleGestureProbe.csproj", "{B7E4C201-8F3A-4D9E-9B21-6A0C4E8F1D77}"
EndProject
Project("{2150E333-8FDC-42A3-9474-1A3956D46DE8}") = "tests", "tests", "{50EDEA9E-5CDC-462C-A3E4-030FA6B04201}"
EndProject
Project("{FAE04EC0-301F-11D3-BF4B-00C04F79EFBC}") = "TrackpadCameraControl.Tests", "tests\TrackpadCameraControl.Tests\TrackpadCameraControl.Tests.csproj", "{4F59ACDF-1377-45E6-8A93-9F3C5ED92CA1}"
EndProject
Global
	GlobalSection(SolutionConfigurationPlatforms) = preSolution
		Debug|Any CPU = Debug|Any CPU
		Release|Any CPU = Release|Any CPU
	EndGlobalSection
	GlobalSection(SolutionProperties) = preSolution
		HideSolutionNode = FALSE
	EndGlobalSection
	GlobalSection(ProjectConfigurationPlatforms) = postSolution
		{508FB081-8D13-49EF-B599-BA2EFF86044F}.Debug|Any CPU.ActiveCfg = Debug|Any CPU
		{508FB081-8D13-49EF-B599-BA2EFF86044F}.Debug|Any CPU.Build.0 = Debug|Any CPU
		{508FB081-8D13-49EF-B599-BA2EFF86044F}.Release|Any CPU.ActiveCfg = Release|Any CPU
		{508FB081-8D13-49EF-B599-BA2EFF86044F}.Release|Any CPU.Build.0 = Release|Any CPU
		{B2C3D4E5-F6A7-8901-BCDE-F12345678901}.Debug|Any CPU.ActiveCfg = Debug|Any CPU
		{B2C3D4E5-F6A7-8901-BCDE-F12345678901}.Debug|Any CPU.Build.0 = Debug|Any CPU
		{B2C3D4E5-F6A7-8901-BCDE-F12345678901}.Release|Any CPU.ActiveCfg = Release|Any CPU
		{B2C3D4E5-F6A7-8901-BCDE-F12345678901}.Release|Any CPU.Build.0 = Release|Any CPU
		{EEA03087-41FE-4A71-8E1B-364183A17DC2}.Debug|Any CPU.ActiveCfg = Debug|Any CPU
		{EEA03087-41FE-4A71-8E1B-364183A17DC2}.Debug|Any CPU.Build.0 = Debug|Any CPU
		{EEA03087-41FE-4A71-8E1B-364183A17DC2}.Release|Any CPU.ActiveCfg = Release|Any CPU
		{EEA03087-41FE-4A71-8E1B-364183A17DC2}.Release|Any CPU.Build.0 = Release|Any CPU
		{7B7C4264-9AB2-4BB2-A612-4153FD9FF2B0}.Debug|Any CPU.ActiveCfg = Debug|Any CPU
		{7B7C4264-9AB2-4BB2-A612-4153FD9FF2B0}.Debug|Any CPU.Build.0 = Debug|Any CPU
		{7B7C4264-9AB2-4BB2-A612-4153FD9FF2B0}.Release|Any CPU.ActiveCfg = Release|Any CPU
		{7B7C4264-9AB2-4BB2-A612-4153FD9FF2B0}.Release|Any CPU.Build.0 = Release|Any CPU
		{B7E4C201-8F3A-4D9E-9B21-6A0C4E8F1D77}.Debug|Any CPU.ActiveCfg = Debug|Any CPU
		{B7E4C201-8F3A-4D9E-9B21-6A0C4E8F1D77}.Debug|Any CPU.Build.0 = Debug|Any CPU
		{B7E4C201-8F3A-4D9E-9B21-6A0C4E8F1D77}.Release|Any CPU.ActiveCfg = Release|Any CPU
		{B7E4C201-8F3A-4D9E-9B21-6A0C4E8F1D77}.Release|Any CPU.Build.0 = Release|Any CPU
		{4F59ACDF-1377-45E6-8A93-9F3C5ED92CA1}.Debug|Any CPU.ActiveCfg = Debug|Any CPU
		{4F59ACDF-1377-45E6-8A93-9F3C5ED92CA1}.Debug|Any CPU.Build.0 = Debug|Any CPU
		{4F59ACDF-1377-45E6-8A93-9F3C5ED92CA1}.Release|Any CPU.ActiveCfg = Release|Any CPU
		{4F59ACDF-1377-45E6-8A93-9F3C5ED92CA1}.Release|Any CPU.Build.0 = Release|Any CPU
	EndGlobalSection
	GlobalSection(NestedProjects) = preSolution
		{B2C3D4E5-F6A7-8901-BCDE-F12345678901} = {A1B2C3D4-E5F6-7890-ABCD-EF1234567890}
		{EEA03087-41FE-4A71-8E1B-364183A17DC2} = {098D564B-3895-4789-BBC0-A4C05F26B093}
		{7B7C4264-9AB2-4BB2-A612-4153FD9FF2B0} = {098D564B-3895-4789-BBC0-A4C05F26B093}
		{B7E4C201-8F3A-4D9E-9B21-6A0C4E8F1D77} = {098D564B-3895-4789-BBC0-A4C05F26B093}
		{4F59ACDF-1377-45E6-8A93-9F3C5ED92CA1} = {50EDEA9E-5CDC-462C-A3E4-030FA6B04201}
	EndGlobalSection
EndGlobal
