
Microsoft Visual Studio Solution File, Format Version 12.00
# Visual Studio Version 17
VisualStudioVersion = 17.0.31903.59
MinimumVisualStudioVersion = 10.0.40219.1
Project("{FAE04EC0-301F-11D3-BF4B-00C04F79EFBC}") = "TrackpadCameraControl.Rewrite", "mod\TrackpadCameraControl.Rewrite.csproj", "{69CB3F67-CA6E-4EBA-B2F7-F995A6A77A00}"
EndProject
Project("{2150E333-8FDC-42A3-9474-1A3956D46DE8}") = "src", "src", "{53CE5475-23ED-4BF0-A074-BFE76486A249}"
EndProject
Project("{FAE04EC0-301F-11D3-BF4B-00C04F79EFBC}") = "TrackpadCameraControl.Gestures", "src\TrackpadCameraControl.Gestures\TrackpadCameraControl.Gestures.csproj", "{492474FD-6A00-466A-BBDF-01F4DC952873}"
EndProject
Project("{2150E333-8FDC-42A3-9474-1A3956D46DE8}") = "tests", "tests", "{B1EB4F05-75C3-4775-90F5-71006BE060AE}"
EndProject
Project("{FAE04EC0-301F-11D3-BF4B-00C04F79EFBC}") = "TrackpadCameraControl.Rewrite.Tests", "tests\TrackpadCameraControl.Rewrite.Tests\TrackpadCameraControl.Rewrite.Tests.csproj", "{F008606D-9A92-4CF2-9689-0F89C383ED51}"
EndProject
Project("{2150E333-8FDC-42A3-9474-1A3956D46DE8}") = "bootstrap", "bootstrap", "{6029886B-5733-4AF9-B9F4-3050ECAC1F73}"
EndProject
Project("{FAE04EC0-301F-11D3-BF4B-00C04F79EFBC}") = "TrackpadCameraControl", "bootstrap\mod\TrackpadCameraControl.csproj", "{2B8D0D2F-160E-4AA9-8F66-F2484BE5062E}"
EndProject
Project("{2150E333-8FDC-42A3-9474-1A3956D46DE8}") = "src", "src", "{6F6CE673-A3F4-425E-AD4B-A4862D6C3294}"
EndProject
Project("{FAE04EC0-301F-11D3-BF4B-00C04F79EFBC}") = "TrackpadCapture", "bootstrap\src\TrackpadCapture\TrackpadCapture.csproj", "{58F01B37-1672-4F5A-B63C-3317F55D0F85}"
EndProject
Project("{FAE04EC0-301F-11D3-BF4B-00C04F79EFBC}") = "TrackpadBridge", "bootstrap\src\TrackpadBridge\TrackpadBridge.csproj", "{0A91200C-D533-4074-B508-5EC5181093F3}"
EndProject
Project("{FAE04EC0-301F-11D3-BF4B-00C04F79EFBC}") = "AppleGestureProbe", "bootstrap\src\AppleGestureProbe\AppleGestureProbe.csproj", "{38BF96F9-2C35-454C-9211-521A8C62CA20}"
EndProject
Project("{2150E333-8FDC-42A3-9474-1A3956D46DE8}") = "tests", "tests", "{CC10B597-4D39-427C-8648-537B45A90CCF}"
EndProject
Project("{FAE04EC0-301F-11D3-BF4B-00C04F79EFBC}") = "TrackpadCameraControl.Tests", "bootstrap\tests\TrackpadCameraControl.Tests\TrackpadCameraControl.Tests.csproj", "{C818D7FB-6ECF-4751-AD89-E776C91F3507}"
EndProject
Global
	GlobalSection(SolutionConfigurationPlatforms) = preSolution
		Debug|Any CPU = Debug|Any CPU
		Release|Any CPU = Release|Any CPU
	EndGlobalSection
	GlobalSection(SolutionProperties) = preSolution
		HideSolutionNode = FALSE
	EndGlobalSection
	GlobalSection(ProjectConfigurationPlatforms) = postSolution
		{69CB3F67-CA6E-4EBA-B2F7-F995A6A77A00}.Debug|Any CPU.ActiveCfg = Debug|Any CPU
		{69CB3F67-CA6E-4EBA-B2F7-F995A6A77A00}.Debug|Any CPU.Build.0 = Debug|Any CPU
		{69CB3F67-CA6E-4EBA-B2F7-F995A6A77A00}.Release|Any CPU.ActiveCfg = Release|Any CPU
		{69CB3F67-CA6E-4EBA-B2F7-F995A6A77A00}.Release|Any CPU.Build.0 = Release|Any CPU
		{492474FD-6A00-466A-BBDF-01F4DC952873}.Debug|Any CPU.ActiveCfg = Debug|Any CPU
		{492474FD-6A00-466A-BBDF-01F4DC952873}.Debug|Any CPU.Build.0 = Debug|Any CPU
		{492474FD-6A00-466A-BBDF-01F4DC952873}.Release|Any CPU.ActiveCfg = Release|Any CPU
		{492474FD-6A00-466A-BBDF-01F4DC952873}.Release|Any CPU.Build.0 = Release|Any CPU
		{F008606D-9A92-4CF2-9689-0F89C383ED51}.Debug|Any CPU.ActiveCfg = Debug|Any CPU
		{F008606D-9A92-4CF2-9689-0F89C383ED51}.Debug|Any CPU.Build.0 = Debug|Any CPU
		{F008606D-9A92-4CF2-9689-0F89C383ED51}.Release|Any CPU.ActiveCfg = Release|Any CPU
		{F008606D-9A92-4CF2-9689-0F89C383ED51}.Release|Any CPU.Build.0 = Release|Any CPU
		{2B8D0D2F-160E-4AA9-8F66-F2484BE5062E}.Debug|Any CPU.ActiveCfg = Debug|Any CPU
		{2B8D0D2F-160E-4AA9-8F66-F2484BE5062E}.Debug|Any CPU.Build.0 = Debug|Any CPU
		{2B8D0D2F-160E-4AA9-8F66-F2484BE5062E}.Release|Any CPU.ActiveCfg = Release|Any CPU
		{2B8D0D2F-160E-4AA9-8F66-F2484BE5062E}.Release|Any CPU.Build.0 = Release|Any CPU
		{58F01B37-1672-4F5A-B63C-3317F55D0F85}.Debug|Any CPU.ActiveCfg = Debug|Any CPU
		{58F01B37-1672-4F5A-B63C-3317F55D0F85}.Debug|Any CPU.Build.0 = Debug|Any CPU
		{58F01B37-1672-4F5A-B63C-3317F55D0F85}.Release|Any CPU.ActiveCfg = Release|Any CPU
		{58F01B37-1672-4F5A-B63C-3317F55D0F85}.Release|Any CPU.Build.0 = Release|Any CPU
		{0A91200C-D533-4074-B508-5EC5181093F3}.Debug|Any CPU.ActiveCfg = Debug|Any CPU
		{0A91200C-D533-4074-B508-5EC5181093F3}.Debug|Any CPU.Build.0 = Debug|Any CPU
		{0A91200C-D533-4074-B508-5EC5181093F3}.Release|Any CPU.ActiveCfg = Release|Any CPU
		{0A91200C-D533-4074-B508-5EC5181093F3}.Release|Any CPU.Build.0 = Release|Any CPU
		{38BF96F9-2C35-454C-9211-521A8C62CA20}.Debug|Any CPU.ActiveCfg = Debug|Any CPU
		{38BF96F9-2C35-454C-9211-521A8C62CA20}.Debug|Any CPU.Build.0 = Debug|Any CPU
		{38BF96F9-2C35-454C-9211-521A8C62CA20}.Release|Any CPU.ActiveCfg = Release|Any CPU
		{38BF96F9-2C35-454C-9211-521A8C62CA20}.Release|Any CPU.Build.0 = Release|Any CPU
		{C818D7FB-6ECF-4751-AD89-E776C91F3507}.Debug|Any CPU.ActiveCfg = Debug|Any CPU
		{C818D7FB-6ECF-4751-AD89-E776C91F3507}.Debug|Any CPU.Build.0 = Debug|Any CPU
		{C818D7FB-6ECF-4751-AD89-E776C91F3507}.Release|Any CPU.ActiveCfg = Release|Any CPU
		{C818D7FB-6ECF-4751-AD89-E776C91F3507}.Release|Any CPU.Build.0 = Release|Any CPU
	EndGlobalSection
	GlobalSection(NestedProjects) = preSolution
		{492474FD-6A00-466A-BBDF-01F4DC952873} = {53CE5475-23ED-4BF0-A074-BFE76486A249}
		{F008606D-9A92-4CF2-9689-0F89C383ED51} = {B1EB4F05-75C3-4775-90F5-71006BE060AE}
		{2B8D0D2F-160E-4AA9-8F66-F2484BE5062E} = {6029886B-5733-4AF9-B9F4-3050ECAC1F73}
		{6F6CE673-A3F4-425E-AD4B-A4862D6C3294} = {6029886B-5733-4AF9-B9F4-3050ECAC1F73}
		{58F01B37-1672-4F5A-B63C-3317F55D0F85} = {6F6CE673-A3F4-425E-AD4B-A4862D6C3294}
		{0A91200C-D533-4074-B508-5EC5181093F3} = {6F6CE673-A3F4-425E-AD4B-A4862D6C3294}
		{38BF96F9-2C35-454C-9211-521A8C62CA20} = {6F6CE673-A3F4-425E-AD4B-A4862D6C3294}
		{CC10B597-4D39-427C-8648-537B45A90CCF} = {6029886B-5733-4AF9-B9F4-3050ECAC1F73}
		{C818D7FB-6ECF-4751-AD89-E776C91F3507} = {CC10B597-4D39-427C-8648-537B45A90CCF}
	EndGlobalSection
EndGlobal
